
Microsoft Visual Studio Solution File, Format Version 12.00
# Visual Studio Version 17
VisualStudioVersion = 17.5.33627.172
MinimumVisualStudioVersion = 10.0.40219.1
Project("{888888A0-9F3D-457C-B088-3A5042F75D52}") = "Course Project Phase II", "Course Project Phase II.pyproj", "{B3B3DC87-3BE3-437F-86B1-AEEC7AD091EF}"
EndProject
Global
	GlobalSection(SolutionConfigurationPlatforms) = preSolution
		Debug|Any CPU = Debug|Any CPU
		Release|Any CPU = Release|Any CPU
	EndGlobalSection
	GlobalSection(ProjectConfigurationPlatforms) = postSolution
		{B3B3DC87-3BE3-437F-86B1-AEEC7AD091EF}.Debug|Any CPU.ActiveCfg = Debug|Any CPU
		{B3B3DC87-3BE3-437F-86B1-AEEC7AD091EF}.Release|Any CPU.ActiveCfg = Release|Any CPU
	EndGlobalSection
	GlobalSection(SolutionProperties) = preSolution
		HideSolutionNode = FALSE
	EndGlobalSection
	GlobalSection(ExtensibilityGlobals) = postSolution
		SolutionGuid = {17EFD1C8-1A54-43FD-80EA-AC50A2F9338F}
	EndGlobalSection
EndGlobal
